
Microsoft Visual Studio Solution File, Format Version 12.00
# Visual Studio Version 16
VisualStudioVersion = 16.0.31205.134
MinimumVisualStudioVersion = 10.0.40219.1
Project("{FAE04EC0-301F-11D3-BF4B-00C04F79EFBC}") = "MyWebApi", "MyWebApi\MyWebApi.csproj", "{1F1B9DA5-CA87-4223-A693-8CC85912AD21}"
EndProject
Global
	GlobalSection(SolutionConfigurationPlatforms) = preSolution
		Debug|Any CPU = Debug|Any CPU
		Release|Any CPU = Release|Any CPU
	EndGlobalSection
	GlobalSection(ProjectConfigurationPlatforms) = postSolution
		{1F1B9DA5-CA87-4223-A693-8CC85912AD21}.Debug|Any CPU.ActiveCfg = Debug|Any CPU
		{1F1B9DA5-CA87-4223-A693-8CC85912AD21}.Debug|Any CPU.Build.0 = Debug|Any CPU
		{1F1B9DA5-CA87-4223-A693-8CC85912AD21}.Release|Any CPU.ActiveCfg = Release|Any CPU
		{1F1B9DA5-CA87-4223-A693-8CC85912AD21}.Release|Any CPU.Build.0 = Release|Any CPU
	EndGlobalSection
	GlobalSection(SolutionProperties) = preSolution
		HideSolutionNode = FALSE
	EndGlobalSection
	GlobalSection(ExtensibilityGlobals) = postSolution
		SolutionGuid = {BCF7BF2E-5EC7-418C-AFE4-29F25B00ED5B}
	EndGlobalSection
EndGlobal
